
Microsoft Visual Studio Solution File, Format Version 12.00
# Visual Studio 15
VisualStudioVersion = 15.0.27703.2042
MinimumVisualStudioVersion = 10.0.40219.1
Project("{FAE04EC0-301F-11D3-BF4B-00C04F79EFBC}") = "AspNetCore.Fundamentals.WebApp", "AspNetCore.Fundamentals.WebApp\AspNetCore.Fundamentals.WebApp.csproj", "{C2AC26F8-2549-4AE3-B94F-B3AC6ACB0F93}"
EndProject
Global
	GlobalSection(SolutionConfigurationPlatforms) = preSolution
		Debug|Any CPU = Debug|Any CPU
		Release|Any CPU = Release|Any CPU
	EndGlobalSection
	GlobalSection(ProjectConfigurationPlatforms) = postSolution
		{C2AC26F8-2549-4AE3-B94F-B3AC6ACB0F93}.Debug|Any CPU.ActiveCfg = Debug|Any CPU
		{C2AC26F8-2549-4AE3-B94F-B3AC6ACB0F93}.Debug|Any CPU.Build.0 = Debug|Any CPU
		{C2AC26F8-2549-4AE3-B94F-B3AC6ACB0F93}.Release|Any CPU.ActiveCfg = Release|Any CPU
		{C2AC26F8-2549-4AE3-B94F-B3AC6ACB0F93}.Release|Any CPU.Build.0 = Release|Any CPU
	EndGlobalSection
	GlobalSection(SolutionProperties) = preSolution
		HideSolutionNode = FALSE
	EndGlobalSection
	GlobalSection(ExtensibilityGlobals) = postSolution
		SolutionGuid = {41A5DC97-6A84-49C4-B85C-C5E09C1A33BC}
	EndGlobalSection
EndGlobal
